lockfileVersion: '9.0'

settings:
  autoInstallPeers: true
  excludeLinksFromLockfile: false

importers:

  .:
    dependencies:
      '@gelatonetwork/smartwallet':
        specifier: ^0.0.16
        version: 0.0.16(viem@2.31.6)
      '@zerodev/ecdsa-validator':
        specifier: ^5.4.9
        version: 5.4.9(@zerodev/sdk@5.4.39(viem@2.31.6))(viem@2.31.6)
      '@zerodev/sdk':
        specifier: ^5.4.39
        version: 5.4.39(viem@2.31.6)
      dotenv:
        specifier: ^17.0.1
        version: 17.0.1
      permissionless:
        specifier: ^0.2.47
        version: 0.2.47(viem@2.31.6)
      tslib:
        specifier: ^2.8.1
        version: 2.8.1
      viem:
        specifier: ^2.31.6
        version: 2.31.6
    devDependencies:
      '@types/node':
        specifier: ^24.0.10
        version: 24.0.10

packages:

  '@adraffy/ens-normalize@1.11.0':
    resolution: {integrity: sha512-/3DDPKHqqIqxUULp8yP4zODUY1i+2xvVWsv8A79xGWdCAG+8sb0hRh0Rk2QyOJUnnbyPUAZYcpBuRe3nS2OIUg==}

  '@gelatonetwork/smartwallet@0.0.16':
    resolution: {integrity: sha512-Snjb4rpT9WUpcBNmYTlBEhPwfmOd4N6WAOYbmqpjMPqZPQhxtW/ZTv8abBP1Udx8V86FlAlQPWj36JGJsdVpRQ==}
    peerDependencies:
      typescript: ^5.3
      viem: ~2.29
    peerDependenciesMeta:
      typescript:
        optional: true

  '@noble/ciphers@1.3.0':
    resolution: {integrity: sha512-2I0gnIVPtfnMw9ee9h1dJG7tp81+8Ob3OJb3Mv37rx5L40/b0i7djjCVvGOVqc9AEIQyvyu1i6ypKdFw8R8gQw==}
    engines: {node: ^14.21.3 || >=16}

  '@noble/curves@1.9.2':
    resolution: {integrity: sha512-HxngEd2XUcg9xi20JkwlLCtYwfoFw4JGkuZpT+WlsPD4gB/cxkvTD8fSsoAnphGZhFdZYKeQIPCuFlWPm1uE0g==}
    engines: {node: ^14.21.3 || >=16}

  '@noble/hashes@1.8.0':
    resolution: {integrity: sha512-jCs9ldd7NwzpgXDIf6P3+NrHh9/sD6CQdxHyjQI+h/6rDNo88ypBxxz45UDuZHz9r3tNz7N/VInSVoVdtXEI4A==}
    engines: {node: ^14.21.3 || >=16}

  '@scure/base@1.2.6':
    resolution: {integrity: sha512-g/nm5FgUa//MCj1gV09zTJTaM6KBAHqLN907YVQqf7zC49+DcO4B1so4ZX07Ef10Twr6nuqYEH9GEggFXA4Fmg==}

  '@scure/bip32@1.7.0':
    resolution: {integrity: sha512-E4FFX/N3f4B80AKWp5dP6ow+flD1LQZo/w8UnLGYZO674jS6YnYeepycOOksv+vLPSpgN35wgKgy+ybfTb2SMw==}

  '@scure/bip39@1.6.0':
    resolution: {integrity: sha512-+lF0BbLiJNwVlev4eKelw1WWLaiKXw7sSl8T6FvBlWkdX+94aGJ4o8XjUdlyhTCjd8c+B3KT3JfS8P0bLRNU6A==}

  '@types/node@24.0.10':
    resolution: {integrity: sha512-ENHwaH+JIRTDIEEbDK6QSQntAYGtbvdDXnMXnZaZ6k13Du1dPMmprkEHIL7ok2Wl2aZevetwTAb5S+7yIF+enA==}

  '@zerodev/ecdsa-validator@5.4.9':
    resolution: {integrity: sha512-9NVE8/sQIKRo42UOoYKkNdmmHJY8VlT4t+2MHD2ipLg21cpbY9fS17TGZh61+Bl3qlqc8pP23I6f89z9im7kuA==}
    peerDependencies:
      '@zerodev/sdk': ^5.4.13
      viem: ^2.28.0

  '@zerodev/sdk@5.4.39':
    resolution: {integrity: sha512-PiJHgE+ezoXzmjThpnm6iFW82r5hsu/3x3Rq6jFvy5K93yIHKNxfs50JuLIg3m9esf/iFmC96jOVsqtRhF3L+Q==}
    peerDependencies:
      viem: ^2.28.0

  abitype@1.0.8:
    resolution: {integrity: sha512-ZeiI6h3GnW06uYDLx0etQtX/p8E24UaHHBj57RSjK7YBFe7iuVn07EDpOeP451D06sF27VOz9JJPlIKJmXgkEg==}
    peerDependencies:
      typescript: '>=5.0.4'
      zod: ^3 >=3.22.0
    peerDependenciesMeta:
      typescript:
        optional: true
      zod:
        optional: true

  dotenv@17.0.1:
    resolution: {integrity: sha512-GLjkduuAL7IMJg/ZnOPm9AnWKJ82mSE2tzXLaJ/6hD6DhwGfZaXG77oB8qbReyiczNxnbxQKyh0OE5mXq0bAHA==}
    engines: {node: '>=12'}

  eventemitter3@5.0.1:
    resolution: {integrity: sha512-GWkBvjiSZK87ELrYOSESUYeVIc9mvLLf/nXalMOS5dYrgZq9o5OVkbZAVM06CVxYsCwH9BDZFPlQTlPA1j4ahA==}

  isomorphic-ws@5.0.0:
    resolution: {integrity: sha512-muId7Zzn9ywDsyXgTIafTry2sV3nySZeUDe6YedVd1Hvuuep5AsIlqK+XefWpYTyJG5e503F2xIuT2lcU6rCSw==}
    peerDependencies:
      ws: '*'

  isows@1.0.7:
    resolution: {integrity: sha512-I1fSfDCZL5P0v33sVqeTDSpcstAg/N+wF5HS033mogOVIp4B+oHC7oOCsA3axAbBSGTJ8QubbNmnIRN/h8U7hg==}
    peerDependencies:
      ws: '*'

  ox@0.8.1:
    resolution: {integrity: sha512-e+z5epnzV+Zuz91YYujecW8cF01mzmrUtWotJ0oEPym/G82uccs7q0WDHTYL3eiONbTUEvcZrptAKLgTBD3u2A==}
    peerDependencies:
      typescript: '>=5.4.0'
    peerDependenciesMeta:
      typescript:
        optional: true

  permissionless@0.2.47:
    resolution: {integrity: sha512-/Y+2SK+OGrPJuVZ9RcDDBL+U3wGnw3PByc610zvk2G1h//rRez3YZ9CyuMiOf7MpTh53XxmQeKsqKPna0Ilciw==}
    peerDependencies:
      ox: 0.6.7
      viem: ^2.28.1
    peerDependenciesMeta:
      ox:
        optional: true

  semver@7.7.2:
    resolution: {integrity: sha512-RF0Fw+rO5AMf9MAyaRXI4AV0Ulj5lMHqVxxdSgiVbixSCXoEmmX/jk0CuJw4+3SqroYO9VoUh+HcuJivvtJemA==}
    engines: {node: '>=10'}
    hasBin: true

  tslib@2.8.1:
    resolution: {integrity: sha512-oJFu94HQb+KVduSUQL7wnpmqnfmLsOA/nAh6b6EH0wCEoK0/mPeXU6c3wKDV83MkOuHPRHtSXKKU99IBazS/2w==}

  undici-types@7.8.0:
    resolution: {integrity: sha512-9UJ2xGDvQ43tYyVMpuHlsgApydB8ZKfVYTsLDhXkFL/6gfkp+U8xTGdh8pMJv1SpZna0zxG1DwsKZsreLbXBxw==}

  viem@2.31.6:
    resolution: {integrity: sha512-2PPbXL/8bHQxUzaLFDk4R6WHifTcXxAqMC8/j6RBgXl/OexQ1HU8r9OukwfDTqrFoHtWWiYz5fktHATy7+U9nQ==}
    peerDependencies:
      typescript: '>=5.0.4'
    peerDependenciesMeta:
      typescript:
        optional: true

  ws@8.18.2:
    resolution: {integrity: sha512-DMricUmwGZUVr++AEAe2uiVM7UoO9MAVZMDu05UQOaUII0lp+zOzLLU4Xqh/JvTqklB1T4uELaaPBKyjE1r4fQ==}
    engines: {node: '>=10.0.0'}
    peerDependencies:
      bufferutil: ^4.0.1
      utf-8-validate: '>=5.0.2'
    peerDependenciesMeta:
      bufferutil:
        optional: true
      utf-8-validate:
        optional: true

snapshots:

  '@adraffy/ens-normalize@1.11.0': {}

  '@gelatonetwork/smartwallet@0.0.16(viem@2.31.6)':
    dependencies:
      isomorphic-ws: 5.0.0(ws@8.18.2)
      viem: 2.31.6
      ws: 8.18.2
    transitivePeerDependencies:
      - bufferutil
      - utf-8-validate

  '@noble/ciphers@1.3.0': {}

  '@noble/curves@1.9.2':
    dependencies:
      '@noble/hashes': 1.8.0

  '@noble/hashes@1.8.0': {}

  '@scure/base@1.2.6': {}

  '@scure/bip32@1.7.0':
    dependencies:
      '@noble/curves': 1.9.2
      '@noble/hashes': 1.8.0
      '@scure/base': 1.2.6

  '@scure/bip39@1.6.0':
    dependencies:
      '@noble/hashes': 1.8.0
      '@scure/base': 1.2.6

  '@types/node@24.0.10':
    dependencies:
      undici-types: 7.8.0

  '@zerodev/ecdsa-validator@5.4.9(@zerodev/sdk@5.4.39(viem@2.31.6))(viem@2.31.6)':
    dependencies:
      '@zerodev/sdk': 5.4.39(viem@2.31.6)
      viem: 2.31.6

  '@zerodev/sdk@5.4.39(viem@2.31.6)':
    dependencies:
      semver: 7.7.2
      viem: 2.31.6

  abitype@1.0.8: {}

  dotenv@17.0.1: {}

  eventemitter3@5.0.1: {}

  isomorphic-ws@5.0.0(ws@8.18.2):
    dependencies:
      ws: 8.18.2

  isows@1.0.7(ws@8.18.2):
    dependencies:
      ws: 8.18.2

  ox@0.8.1:
    dependencies:
      '@adraffy/ens-normalize': 1.11.0
      '@noble/ciphers': 1.3.0
      '@noble/curves': 1.9.2
      '@noble/hashes': 1.8.0
      '@scure/bip32': 1.7.0
      '@scure/bip39': 1.6.0
      abitype: 1.0.8
      eventemitter3: 5.0.1
    transitivePeerDependencies:
      - zod

  permissionless@0.2.47(viem@2.31.6):
    dependencies:
      viem: 2.31.6

  semver@7.7.2: {}

  tslib@2.8.1: {}

  undici-types@7.8.0: {}

  viem@2.31.6:
    dependencies:
      '@noble/curves': 1.9.2
      '@noble/hashes': 1.8.0
      '@scure/bip32': 1.7.0
      '@scure/bip39': 1.6.0
      abitype: 1.0.8
      isows: 1.0.7(ws@8.18.2)
      ox: 0.8.1
      ws: 8.18.2
    transitivePeerDependencies:
      - bufferutil
      - utf-8-validate
      - zod

  ws@8.18.2: {}
